// !$*UTF8*$!
{
	archiveVersion = 1;
	classes = {
	};
	objectVersion = 52;
	objects = {

/* Begin PBXBuildFile section */
		C7090803273452F9008AD3A5 /* AppDelegate.swift in Sources */ = {isa = PBXBuildFile; fileRef = C7090802273452F9008AD3A5 /* AppDelegate.swift */; };
		C7090805273452F9008AD3A5 /* SceneDelegate.swift in Sources */ = {isa = PBXBuildFile; fileRef = C7090804273452F9008AD3A5 /* SceneDelegate.swift */; };
		C7090807273452F9008AD3A5 /* MainViewController.swift in Sources */ = {isa = PBXBuildFile; fileRef = C7090806273452F9008AD3A5 /* MainViewController.swift */; };
		C709080A273452F9008AD3A5 /* Main.storyboard in Resources */ = {isa = PBXBuildFile; fileRef = C7090808273452F9008AD3A5 /* Main.storyboard */; };
		C709080C273452FB008AD3A5 /* Assets.xcassets in Resources */ = {isa = PBXBuildFile; fileRef = C709080B273452FB008AD3A5 /* Assets.xcassets */; };
		C709080F273452FB008AD3A5 /* LaunchScreen.storyboard in Resources */ = {isa = PBXBuildFile; fileRef = C709080D273452FB008AD3A5 /* LaunchScreen.storyboard */; };
		C709081A273452FB008AD3A5 /* TedTalksPresenterTest.swift in Sources */ = {isa = PBXBuildFile; fileRef = C7090819273452FB008AD3A5 /* TedTalksPresenterTest.swift */; };
		C7090825273452FB008AD3A5 /* TedTalksAppUITests.swift in Sources */ = {isa = PBXBuildFile; fileRef = C7090824273452FB008AD3A5 /* TedTalksAppUITests.swift */; };
		C7090836273455B9008AD3A5 /* talks.json in Resources */ = {isa = PBXBuildFile; fileRef = C7090835273455B9008AD3A5 /* talks.json */; };
		C7090841273455F1008AD3A5 /* Talk.swift in Sources */ = {isa = PBXBuildFile; fileRef = C7090840273455F1008AD3A5 /* Talk.swift */; };
		C709084627345A02008AD3A5 /* TalkManager.swift in Sources */ = {isa = PBXBuildFile; fileRef = C709084527345A02008AD3A5 /* TalkManager.swift */; };
		C709084B2734635C008AD3A5 /* LauncherIcon.png in Resources */ = {isa = PBXBuildFile; fileRef = C709084A2734635C008AD3A5 /* LauncherIcon.png */; };
		C70A464C2735AD2B002CC93F /* MultiSelectSegmentedControl in Frameworks */ = {isa = PBXBuildFile; productRef = C70A464B2735AD2B002CC93F /* MultiSelectSegmentedControl */; };
		C731017B273DB51400791BCE /* placeholder.png in Resources */ = {isa = PBXBuildFile; fileRef = C731017A273DB51400791BCE /* placeholder.png */; };
		C74B3E862734689300C25959 /* TedTalkTableViewCell.swift in Sources */ = {isa = PBXBuildFile; fileRef = C74B3E842734689300C25959 /* TedTalkTableViewCell.swift */; };
		C74B3E872734689300C25959 /* TedTalkTableViewCell.xib in Resources */ = {isa = PBXBuildFile; fileRef = C74B3E852734689300C25959 /* TedTalkTableViewCell.xib */; };
		C7AA01682743F34500533F59 /* TedTalksViewProtocol.swift in Sources */ = {isa = PBXBuildFile; fileRef = C7AA01672743F34500533F59 /* TedTalksViewProtocol.swift */; };
		C7AA016E2743F37500533F59 /* TedTalksPresenterProtocol.swift in Sources */ = {isa = PBXBuildFile; fileRef = C7AA016D2743F37500533F59 /* TedTalksPresenterProtocol.swift */; };
		C7AA01732743F3D600533F59 /* TedTalksPresenter.swift in Sources */ = {isa = PBXBuildFile; fileRef = C7AA01722743F3D600533F59 /* TedTalksPresenter.swift */; };
		C7B27F55273EF67D0019446C /* TalkManagerTest.swift in Sources */ = {isa = PBXBuildFile; fileRef = C7B27F54273EF67D0019446C /* TalkManagerTest.swift */; };
		C7B27F5A273F024E0019446C /* test_talk.json in Resources */ = {isa = PBXBuildFile; fileRef = C7B27F59273F024E0019446C /* test_talk.json */; };
		C7F82B05273C1FB1004C31D6 /* VideoViewController.swift in Sources */ = {isa = PBXBuildFile; fileRef = C7F82B04273C1FB1004C31D6 /* VideoViewController.swift */; };
/* End PBXBuildFile section */

/* Begin PBXContainerItemProxy section */
		C7090816273452FB008AD3A5 /* PBXContainerItemProxy */ = {
			isa = PBXContainerItemProxy;
			containerPortal = C70907F7273452F9008AD3A5 /* Project object */;
			proxyType = 1;
			remoteGlobalIDString = C70907FE273452F9008AD3A5;
			remoteInfo = TedTalksApp;
		};
		C7090821273452FB008AD3A5 /* PBXContainerItemProxy */ = {
			isa = PBXContainerItemProxy;
			containerPortal = C70907F7273452F9008AD3A5 /* Project object */;
			proxyType = 1;
			remoteGlobalIDString = C70907FE273452F9008AD3A5;
			remoteInfo = TedTalksApp;
		};
/* End PBXContainerItemProxy section */

/* Begin PBXFileReference section */
		C70907FF273452F9008AD3A5 /* TedTalksApp.app */ = {isa = PBXFileReference; explicitFileType = wrapper.application; includeInIndex = 0; path = TedTalksApp.app; sourceTree = BUILT_PRODUCTS_DIR; };
		C7090802273452F9008AD3A5 /* AppDelegate.swift */ = {isa = PBXFileReference; lastKnownFileType = sourcecode.swift; path = AppDelegate.swift; sourceTree = "<group>"; };
		C7090804273452F9008AD3A5 /* SceneDelegate.swift */ = {isa = PBXFileReference; lastKnownFileType = sourcecode.swift; path = SceneDelegate.swift; sourceTree = "<group>"; };
		C7090806273452F9008AD3A5 /* MainViewController.swift */ = {isa = PBXFileReference; lastKnownFileType = sourcecode.swift; path = MainViewController.swift; sourceTree = "<group>"; };
		C7090809273452F9008AD3A5 /* Base */ = {isa = PBXFileReference; lastKnownFileType = file.storyboard; name = Base; path = Base.lproj/Main.storyboard; sourceTree = "<group>"; };
		C709080B273452FB008AD3A5 /* Assets.xcassets */ = {isa = PBXFileReference; lastKnownFileType = folder.assetcatalog; path = Assets.xcassets; sourceTree = "<group>"; };
		C709080E273452FB008AD3A5 /* Base */ = {isa = PBXFileReference; lastKnownFileType = file.storyboard; name = Base; path = Base.lproj/LaunchScreen.storyboard; sourceTree = "<group>"; };
		C7090810273452FB008AD3A5 /* Info.plist */ = {isa = PBXFileReference; lastKnownFileType = text.plist.xml; path = Info.plist; sourceTree = "<group>"; };
		C7090815273452FB008AD3A5 /* TedTalksAppTests.xctest */ = {isa = PBXFileReference; explicitFileType = wrapper.cfbundle; includeInIndex = 0; path = TedTalksAppTests.xctest; sourceTree = BUILT_PRODUCTS_DIR; };
		C7090819273452FB008AD3A5 /* TedTalksPresenterTest.swift */ = {isa = PBXFileReference; lastKnownFileType = sourcecode.swift; path = TedTalksPresenterTest.swift; sourceTree = "<group>"; };
		C709081B273452FB008AD3A5 /* Info.plist */ = {isa = PBXFileReference; lastKnownFileType = text.plist.xml; path = Info.plist; sourceTree = "<group>"; };
		C7090820273452FB008AD3A5 /* TedTalksAppUITests.xctest */ = {isa = PBXFileReference; explicitFileType = wrapper.cfbundle; includeInIndex = 0; path = TedTalksAppUITests.xctest; sourceTree = BUILT_PRODUCTS_DIR; };
		C7090824273452FB008AD3A5 /* TedTalksAppUITests.swift */ = {isa = PBXFileReference; lastKnownFileType = sourcecode.swift; path = TedTalksAppUITests.swift; sourceTree = "<group>"; };
		C7090826273452FB008AD3A5 /* Info.plist */ = {isa = PBXFileReference; lastKnownFileType = text.plist.xml; path = Info.plist; sourceTree = "<group>"; };
		C7090835273455B9008AD3A5 /* talks.json */ = {isa = PBXFileReference; fileEncoding = 4; lastKnownFileType = text.json; path = talks.json; sourceTree = "<group>"; };
		C7090840273455F1008AD3A5 /* Talk.swift */ = {isa = PBXFileReference; lastKnownFileType = sourcecode.swift; path = Talk.swift; sourceTree = "<group>"; };
		C709084527345A02008AD3A5 /* TalkManager.swift */ = {isa = PBXFileReference; lastKnownFileType = sourcecode.swift; path = TalkManager.swift; sourceTree = "<group>"; };
		C709084A2734635C008AD3A5 /* LauncherIcon.png */ = {isa = PBXFileReference; lastKnownFileType = image.png; name = LauncherIcon.png; path = Assets.xcassets/LauncherIcon.png; sourceTree = "<group>"; };
		C731017A273DB51400791BCE /* placeholder.png */ = {isa = PBXFileReference; lastKnownFileType = image.png; name = placeholder.png; path = Assets.xcassets/placeholder.png; sourceTree = "<group>"; };
		C74B3E842734689300C25959 /* TedTalkTableViewCell.swift */ = {isa = PBXFileReference; lastKnownFileType = sourcecode.swift; path = TedTalkTableViewCell.swift; sourceTree = "<group>"; };
		C74B3E852734689300C25959 /* TedTalkTableViewCell.xib */ = {isa = PBXFileReference; lastKnownFileType = file.xib; path = TedTalkTableViewCell.xib; sourceTree = "<group>"; };
		C7AA01672743F34500533F59 /* TedTalksViewProtocol.swift */ = {isa = PBXFileReference; lastKnownFileType = sourcecode.swift; path = TedTalksViewProtocol.swift; sourceTree = "<group>"; };
		C7AA016D2743F37500533F59 /* TedTalksPresenterProtocol.swift */ = {isa = PBXFileReference; lastKnownFileType = sourcecode.swift; path = TedTalksPresenterProtocol.swift; sourceTree = "<group>"; };
		C7AA01722743F3D600533F59 /* TedTalksPresenter.swift */ = {isa = PBXFileReference; lastKnownFileType = sourcecode.swift; path = TedTalksPresenter.swift; sourceTree = "<group>"; };
		C7B27F54273EF67D0019446C /* TalkManagerTest.swift */ = {isa = PBXFileReference; lastKnownFileType = sourcecode.swift; path = TalkManagerTest.swift; sourceTree = "<group>"; };
		C7B27F59273F024E0019446C /* test_talk.json */ = {isa = PBXFileReference; fileEncoding = 4; lastKnownFileType = text.json; path = test_talk.json; sourceTree = "<group>"; };
		C7F82B04273C1FB1004C31D6 /* VideoViewController.swift */ = {isa = PBXFileReference; lastKnownFileType = sourcecode.swift; path = VideoViewController.swift; sourceTree = "<group>"; };
/* End PBXFileReference section */

/* Begin PBXFrameworksBuildPhase section */
		C70907FC273452F9008AD3A5 /* Frameworks */ = {
			isa = PBXFrameworksBuildPhase;
			buildActionMask = 2147483647;
			files = (
				C70A464C2735AD2B002CC93F /* MultiSelectSegmentedControl in Frameworks */,
			);
			runOnlyForDeploymentPostprocessing = 0;
		};
		C7090812273452FB008AD3A5 /* Frameworks */ = {
			isa = PBXFrameworksBuildPhase;
			buildActionMask = 2147483647;
			files = (
			);
			runOnlyForDeploymentPostprocessing = 0;
		};
		C709081D273452FB008AD3A5 /* Frameworks */ = {
			isa = PBXFrameworksBuildPhase;
			buildActionMask = 2147483647;
			files = (
			);
			runOnlyForDeploymentPostprocessing = 0;
		};
/* End PBXFrameworksBuildPhase section */

/* Begin PBXGroup section */
		C70907F6273452F9008AD3A5 = {
			isa = PBXGroup;
			children = (
				C7090801273452F9008AD3A5 /* TedTalksApp */,
				C7090818273452FB008AD3A5 /* TedTalksAppTests */,
				C7090823273452FB008AD3A5 /* TedTalksAppUITests */,
				C7090800273452F9008AD3A5 /* Products */,
			);
			sourceTree = "<group>";
		};
		C7090800273452F9008AD3A5 /* Products */ = {
			isa = PBXGroup;
			children = (
				C70907FF273452F9008AD3A5 /* TedTalksApp.app */,
				C7090815273452FB008AD3A5 /* TedTalksAppTests.xctest */,
				C7090820273452FB008AD3A5 /* TedTalksAppUITests.xctest */,
			);
			name = Products;
			sourceTree = "<group>";
		};
		C7090801273452F9008AD3A5 /* TedTalksApp */ = {
			isa = PBXGroup;
			children = (
				C7AA016C2743F35C00533F59 /* Presenter */,
				C7AC7888273AEE51002D064D /* View */,
				C7AC7887273AEE48002D064D /* Model */,
				C709084A2734635C008AD3A5 /* LauncherIcon.png */,
				C7090802273452F9008AD3A5 /* AppDelegate.swift */,
				C731017A273DB51400791BCE /* placeholder.png */,
				C7090804273452F9008AD3A5 /* SceneDelegate.swift */,
				C709080B273452FB008AD3A5 /* Assets.xcassets */,
				C7090810273452FB008AD3A5 /* Info.plist */,
				C7090835273455B9008AD3A5 /* talks.json */,
				C7090840273455F1008AD3A5 /* Talk.swift */,
				C709084527345A02008AD3A5 /* TalkManager.swift */,
			);
			path = TedTalksApp;
			sourceTree = "<group>";
		};
		C7090818273452FB008AD3A5 /* TedTalksAppTests */ = {
			isa = PBXGroup;
			children = (
				C7090819273452FB008AD3A5 /* TedTalksPresenterTest.swift */,
				C7B27F59273F024E0019446C /* test_talk.json */,
				C709081B273452FB008AD3A5 /* Info.plist */,
				C7B27F54273EF67D0019446C /* TalkManagerTest.swift */,
			);
			path = TedTalksAppTests;
			sourceTree = "<group>";
		};
		C7090823273452FB008AD3A5 /* TedTalksAppUITests */ = {
			isa = PBXGroup;
			children = (
				C7090824273452FB008AD3A5 /* TedTalksAppUITests.swift */,
				C7090826273452FB008AD3A5 /* Info.plist */,
			);
			path = TedTalksAppUITests;
			sourceTree = "<group>";
		};
		C7AA016C2743F35C00533F59 /* Presenter */ = {
			isa = PBXGroup;
			children = (
				C7AA016D2743F37500533F59 /* TedTalksPresenterProtocol.swift */,
				C7AA01722743F3D600533F59 /* TedTalksPresenter.swift */,
			);
			path = Presenter;
			sourceTree = "<group>";
		};
		C7AC7887273AEE48002D064D /* Model */ = {
			isa = PBXGroup;
			children = (
			);
			path = Model;
			sourceTree = "<group>";
		};
		C7AC7888273AEE51002D064D /* View */ = {
			isa = PBXGroup;
			children = (
				C7090806273452F9008AD3A5 /* MainViewController.swift */,
				C74B3E842734689300C25959 /* TedTalkTableViewCell.swift */,
				C7F82B04273C1FB1004C31D6 /* VideoViewController.swift */,
				C7090808273452F9008AD3A5 /* Main.storyboard */,
				C709080D273452FB008AD3A5 /* LaunchScreen.storyboard */,
				C74B3E852734689300C25959 /* TedTalkTableViewCell.xib */,
				C7AA01672743F34500533F59 /* TedTalksViewProtocol.swift */,
			);
			path = View;
			sourceTree = "<group>";
		};
/* End PBXGroup section */

/* Begin PBXNativeTarget section */
		C70907FE273452F9008AD3A5 /* TedTalksApp */ = {
			isa = PBXNativeTarget;
			buildConfigurationList = C7090829273452FB008AD3A5 /* Build configuration list for PBXNativeTarget "TedTalksApp" */;
			buildPhases = (
				C70907FB273452F9008AD3A5 /* Sources */,
				C70907FC273452F9008AD3A5 /* Frameworks */,
				C70907FD273452F9008AD3A5 /* Resources */,
			);
			buildRules = (
			);
			dependencies = (
			);
			name = TedTalksApp;
			packageProductDependencies = (
				C70A464B2735AD2B002CC93F /* MultiSelectSegmentedControl */,
			);
			productName = TedTalksApp;
			productReference = C70907FF273452F9008AD3A5 /* TedTalksApp.app */;
			productType = "com.apple.product-type.application";
		};
		C7090814273452FB008AD3A5 /* TedTalksAppTests */ = {
			isa = PBXNativeTarget;
			buildConfigurationList = C709082C273452FB008AD3A5 /* Build configuration list for PBXNativeTarget "TedTalksAppTests" */;
			buildPhases = (
				C7090811273452FB008AD3A5 /* Sources */,
				C7090812273452FB008AD3A5 /* Frameworks */,
				C7090813273452FB008AD3A5 /* Resources */,
			);
			buildRules = (
			);
			dependencies = (
				C7090817273452FB008AD3A5 /* PBXTargetDependency */,
			);
			name = TedTalksAppTests;
			productName = TedTalksAppTests;
			productReference = C7090815273452FB008AD3A5 /* TedTalksAppTests.xctest */;
			productType = "com.apple.product-type.bundle.unit-test";
		};
		C709081F273452FB008AD3A5 /* TedTalksAppUITests */ = {
			isa = PBXNativeTarget;
			buildConfigurationList = C709082F273452FB008AD3A5 /* Build configuration list for PBXNativeTarget "TedTalksAppUITests" */;
			buildPhases = (
				C709081C273452FB008AD3A5 /* Sources */,
				C709081D273452FB008AD3A5 /* Frameworks */,
				C709081E273452FB008AD3A5 /* Resources */,
			);
			buildRules = (
			);
			dependencies = (
				C7090822273452FB008AD3A5 /* PBXTargetDependency */,
			);
			name = TedTalksAppUITests;
			productName = TedTalksAppUITests;
			productReference = C7090820273452FB008AD3A5 /* TedTalksAppUITests.xctest */;
			productType = "com.apple.product-type.bundle.ui-testing";
		};
/* End PBXNativeTarget section */

/* Begin PBXProject section */
		C70907F7273452F9008AD3A5 /* Project object */ = {
			isa = PBXProject;
			attributes = {
				LastSwiftUpdateCheck = 1240;
				LastUpgradeCheck = 1240;
				TargetAttributes = {
					C70907FE273452F9008AD3A5 = {
						CreatedOnToolsVersion = 12.4;
					};
					C7090814273452FB008AD3A5 = {
						CreatedOnToolsVersion = 12.4;
						TestTargetID = C70907FE273452F9008AD3A5;
					};
					C709081F273452FB008AD3A5 = {
						CreatedOnToolsVersion = 12.4;
						TestTargetID = C70907FE273452F9008AD3A5;
					};
				};
			};
			buildConfigurationList = C70907FA273452F9008AD3A5 /* Build configuration list for PBXProject "TedTalksApp" */;
			compatibilityVersion = "Xcode 9.3";
			developmentRegion = en;
			hasScannedForEncodings = 0;
			knownRegions = (
				en,
				Base,
			);
			mainGroup = C70907F6273452F9008AD3A5;
			packageReferences = (
				C70A464A2735AD2B002CC93F /* XCRemoteSwiftPackageReference "MultiSelectSegmentedControl" */,
			);
			productRefGroup = C7090800273452F9008AD3A5 /* Products */;
			projectDirPath = "";
			projectRoot = "";
			targets = (
				C70907FE273452F9008AD3A5 /* TedTalksApp */,
				C7090814273452FB008AD3A5 /* TedTalksAppTests */,
				C709081F273452FB008AD3A5 /* TedTalksAppUITests */,
			);
		};
/* End PBXProject section */

/* Begin PBXResourcesBuildPhase section */
		C70907FD273452F9008AD3A5 /* Resources */ = {
			isa = PBXResourcesBuildPhase;
			buildActionMask = 2147483647;
			files = (
				C709080F273452FB008AD3A5 /* LaunchScreen.storyboard in Resources */,
				C709084B2734635C008AD3A5 /* LauncherIcon.png in Resources */,
				C7090836273455B9008AD3A5 /* talks.json in Resources */,
				C74B3E872734689300C25959 /* TedTalkTableViewCell.xib in Resources */,
				C731017B273DB51400791BCE /* placeholder.png in Resources */,
				C709080C273452FB008AD3A5 /* Assets.xcassets in Resources */,
				C709080A273452F9008AD3A5 /* Main.storyboard in Resources */,
			);
			runOnlyForDeploymentPostprocessing = 0;
		};
		C7090813273452FB008AD3A5 /* Resources */ = {
			isa = PBXResourcesBuildPhase;
			buildActionMask = 2147483647;
			files = (
				C7B27F5A273F024E0019446C /* test_talk.json in Resources */,
			);
			runOnlyForDeploymentPostprocessing = 0;
		};
		C709081E273452FB008AD3A5 /* Resources */ = {
			isa = PBXResourcesBuildPhase;
			buildActionMask = 2147483647;
			files = (
			);
			runOnlyForDeploymentPostprocessing = 0;
		};
/* End PBXResourcesBuildPhase section */

/* Begin PBXSourcesBuildPhase section */
		C70907FB273452F9008AD3A5 /* Sources */ = {
			isa = PBXSourcesBuildPhase;
			buildActionMask = 2147483647;
			files = (
				C7090807273452F9008AD3A5 /* MainViewController.swift in Sources */,
				C7F82B05273C1FB1004C31D6 /* VideoViewController.swift in Sources */,
				C7AA01732743F3D600533F59 /* TedTalksPresenter.swift in Sources */,
				C74B3E862734689300C25959 /* TedTalkTableViewCell.swift in Sources */,
				C7090841273455F1008AD3A5 /* Talk.swift in Sources */,
				C7090803273452F9008AD3A5 /* AppDelegate.swift in Sources */,
				C7090805273452F9008AD3A5 /* SceneDelegate.swift in Sources */,
				C7AA01682743F34500533F59 /* TedTalksViewProtocol.swift in Sources */,
				C709084627345A02008AD3A5 /* TalkManager.swift in Sources */,
				C7AA016E2743F37500533F59 /* TedTalksPresenterProtocol.swift in Sources */,
			);
			runOnlyForDeploymentPostprocessing = 0;
		};
		C7090811273452FB008AD3A5 /* Sources */ = {
			isa = PBXSourcesBuildPhase;
			buildActionMask = 2147483647;
			files = (
				C709081A273452FB008AD3A5 /* TedTalksPresenterTest.swift in Sources */,
				C7B27F55273EF67D0019446C /* TalkManagerTest.swift in Sources */,
			);
			runOnlyForDeploymentPostprocessing = 0;
		};
		C709081C273452FB008AD3A5 /* Sources */ = {
			isa = PBXSourcesBuildPhase;
			buildActionMask = 2147483647;
			files = (
				C7090825273452FB008AD3A5 /* TedTalksAppUITests.swift in Sources */,
			);
			runOnlyForDeploymentPostprocessing = 0;
		};
/* End PBXSourcesBuildPhase section */

/* Begin PBXTargetDependency section */
		C7090817273452FB008AD3A5 /* PBXTargetDependency */ = {
			isa = PBXTargetDependency;
			target = C70907FE273452F9008AD3A5 /* TedTalksApp */;
			targetProxy = C7090816273452FB008AD3A5 /* PBXContainerItemProxy */;
		};
		C7090822273452FB008AD3A5 /* PBXTargetDependency */ = {
			isa = PBXTargetDependency;
			target = C70907FE273452F9008AD3A5 /* TedTalksApp */;
			targetProxy = C7090821273452FB008AD3A5 /* PBXContainerItemProxy */;
		};
/* End PBXTargetDependency section */

/* Begin PBXVariantGroup section */
		C7090808273452F9008AD3A5 /* Main.storyboard */ = {
			isa = PBXVariantGroup;
			children = (
				C7090809273452F9008AD3A5 /* Base */,
			);
			name = Main.storyboard;
			sourceTree = "<group>";
		};
		C709080D273452FB008AD3A5 /* LaunchScreen.storyboard */ = {
			isa = PBXVariantGroup;
			children = (
				C709080E273452FB008AD3A5 /* Base */,
			);
			name = LaunchScreen.storyboard;
			sourceTree = "<group>";
		};
/* End PBXVariantGroup section */

/* Begin XCBuildConfiguration section */
		C7090827273452FB008AD3A5 /* Debug */ = {
			isa = XCBuildConfiguration;
			buildSettings = {
				ALWAYS_SEARCH_USER_PATHS = NO;
				CLANG_ANALYZER_NONNULL = YES;
				CLANG_ANALYZER_NUMBER_OBJECT_CONVERSION = YES_AGGRESSIVE;
				CLANG_CXX_LANGUAGE_STANDARD = "gnu++14";
				CLANG_CXX_LIBRARY = "libc++";
				CLANG_ENABLE_MODULES = YES;
				CLANG_ENABLE_OBJC_ARC = YES;
				CLANG_ENABLE_OBJC_WEAK = YES;
				CLANG_WARN_BLOCK_CAPTURE_AUTORELEASING = YES;
				CLANG_WARN_BOOL_CONVERSION = YES;
				CLANG_WARN_COMMA = YES;
				CLANG_WARN_CONSTANT_CONVERSION = YES;
				CLANG_WARN_DEPRECATED_OBJC_IMPLEMENTATIONS = YES;
				CLANG_WARN_DIRECT_OBJC_ISA_USAGE = YES_ERROR;
				CLANG_WARN_DOCUMENTATION_COMMENTS = YES;
				CLANG_WARN_EMPTY_BODY = YES;
				CLANG_WARN_ENUM_CONVERSION = YES;
				CLANG_WARN_INFINITE_RECURSION = YES;
				CLANG_WARN_INT_CONVERSION = YES;
				CLANG_WARN_NON_LITERAL_NULL_CONVERSION = YES;
				CLANG_WARN_OBJC_IMPLICIT_RETAIN_SELF = YES;
				CLANG_WARN_OBJC_LITERAL_CONVERSION = YES;
				CLANG_WARN_OBJC_ROOT_CLASS = YES_ERROR;
				CLANG_WARN_QUOTED_INCLUDE_IN_FRAMEWORK_HEADER = YES;
				CLANG_WARN_RANGE_LOOP_ANALYSIS = YES;
				CLANG_WARN_STRICT_PROTOTYPES = YES;
				CLANG_WARN_SUSPICIOUS_MOVE = YES;
				CLANG_WARN_UNGUARDED_AVAILABILITY = YES_AGGRESSIVE;
				CLANG_WARN_UNREACHABLE_CODE = YES;
				CLANG_WARN__DUPLICATE_METHOD_MATCH = YES;
				COPY_PHASE_STRIP = NO;
				DEBUG_INFORMATION_FORMAT = dwarf;
				ENABLE_STRICT_OBJC_MSGSEND = YES;
				ENABLE_TESTABILITY = YES;
				GCC_C_LANGUAGE_STANDARD = gnu11;
				GCC_DYNAMIC_NO_PIC = NO;
				GCC_NO_COMMON_BLOCKS = YES;
				GCC_OPTIMIZATION_LEVEL = 0;
				GCC_PREPROCESSOR_DEFINITIONS = (
					"DEBUG=1",
					"$(inherited)",
				);
				GCC_WARN_64_TO_32_BIT_CONVERSION = YES;
				GCC_WARN_ABOUT_RETURN_TYPE = YES_ERROR;
				GCC_WARN_UNDECLARED_SELECTOR = YES;
				GCC_WARN_UNINITIALIZED_AUTOS = YES_AGGRESSIVE;
				GCC_WARN_UNUSED_FUNCTION = YES;
				GCC_WARN_UNUSED_VARIABLE = YES;
				IPHONEOS_DEPLOYMENT_TARGET = 14.4;
				MTL_ENABLE_DEBUG_INFO = INCLUDE_SOURCE;
				MTL_FAST_MATH = YES;
				ONLY_ACTIVE_ARCH = YES;
				SDKROOT = iphoneos;
				SWIFT_ACTIVE_COMPILATION_CONDITIONS = DEBUG;
				SWIFT_OPTIMIZATION_LEVEL = "-Onone";
			};
			name = Debug;
		};
		C7090828273452FB008AD3A5 /* Release */ = {
			isa = XCBuildConfiguration;
			buildSettings = {
				ALWAYS_SEARCH_USER_PATHS = NO;
				CLANG_ANALYZER_NONNULL = YES;
				CLANG_ANALYZER_NUMBER_OBJECT_CONVERSION = YES_AGGRESSIVE;
				CLANG_CXX_LANGUAGE_STANDARD = "gnu++14";
				CLANG_CXX_LIBRARY = "libc++";
				CLANG_ENABLE_MODULES = YES;
				CLANG_ENABLE_OBJC_ARC = YES;
				CLANG_ENABLE_OBJC_WEAK = YES;
				CLANG_WARN_BLOCK_CAPTURE_AUTORELEASING = YES;
				CLANG_WARN_BOOL_CONVERSION = YES;
				CLANG_WARN_COMMA = YES;
				CLANG_WARN_CONSTANT_CONVERSION = YES;
				CLANG_WARN_DEPRECATED_OBJC_IMPLEMENTATIONS = YES;
				CLANG_WARN_DIRECT_OBJC_ISA_USAGE = YES_ERROR;
				CLANG_WARN_DOCUMENTATION_COMMENTS = YES;
				CLANG_WARN_EMPTY_BODY = YES;
				CLANG_WARN_ENUM_CONVERSION = YES;
				CLANG_WARN_INFINITE_RECURSION = YES;
				CLANG_WARN_INT_CONVERSION = YES;
				CLANG_WARN_NON_LITERAL_NULL_CONVERSION = YES;
				CLANG_WARN_OBJC_IMPLICIT_RETAIN_SELF = YES;
				CLANG_WARN_OBJC_LITERAL_CONVERSION = YES;
				CLANG_WARN_OBJC_ROOT_CLASS = YES_ERROR;
				CLANG_WARN_QUOTED_INCLUDE_IN_FRAMEWORK_HEADER = YES;
				CLANG_WARN_RANGE_LOOP_ANALYSIS = YES;
				CLANG_WARN_STRICT_PROTOTYPES = YES;
				CLANG_WARN_SUSPICIOUS_MOVE = YES;
				CLANG_WARN_UNGUARDED_AVAILABILITY = YES_AGGRESSIVE;
				CLANG_WARN_UNREACHABLE_CODE = YES;
				CLANG_WARN__DUPLICATE_METHOD_MATCH = YES;
				COPY_PHASE_STRIP = NO;
				DEBUG_INFORMATION_FORMAT = "dwarf-with-dsym";
				ENABLE_NS_ASSERTIONS = NO;
				ENABLE_STRICT_OBJC_MSGSEND = YES;
				GCC_C_LANGUAGE_STANDARD = gnu11;
				GCC_NO_COMMON_BLOCKS = YES;
				GCC_WARN_64_TO_32_BIT_CONVERSION = YES;
				GCC_WARN_ABOUT_RETURN_TYPE = YES_ERROR;
				GCC_WARN_UNDECLARED_SELECTOR = YES;
				GCC_WARN_UNINITIALIZED_AUTOS = YES_AGGRESSIVE;
				GCC_WARN_UNUSED_FUNCTION = YES;
				GCC_WARN_UNUSED_VARIABLE = YES;
				IPHONEOS_DEPLOYMENT_TARGET = 14.4;
				MTL_ENABLE_DEBUG_INFO = NO;
				MTL_FAST_MATH = YES;
				SDKROOT = iphoneos;
				SWIFT_COMPILATION_MODE = wholemodule;
				SWIFT_OPTIMIZATION_LEVEL = "-O";
				VALIDATE_PRODUCT = YES;
			};
			name = Release;
		};
		C709082A273452FB008AD3A5 /* Debug */ = {
			isa = XCBuildConfiguration;
			buildSettings = {
				ASSETCATALOG_COMPILER_APPICON_NAME = AppIcon;
				ASSETCATALOG_COMPILER_GLOBAL_ACCENT_COLOR_NAME = AccentColor;
				CODE_SIGN_STYLE = Automatic;
				INFOPLIST_FILE = TedTalksApp/Info.plist;
				LD_RUNPATH_SEARCH_PATHS = (
					"$(inherited)",
					"@executable_path/Frameworks",
				);
				PRODUCT_BUNDLE_IDENTIFIER = com.globant.TedTalksApp;
				PRODUCT_NAME = "$(TARGET_NAME)";
				SWIFT_VERSION = 5.0;
				TARGETED_DEVICE_FAMILY = "1,2";
			};
			name = Debug;
		};
		C709082B273452FB008AD3A5 /* Release */ = {
			isa = XCBuildConfiguration;
			buildSettings = {
				ASSETCATALOG_COMPILER_APPICON_NAME = AppIcon;
				ASSETCATALOG_COMPILER_GLOBAL_ACCENT_COLOR_NAME = AccentColor;
				CODE_SIGN_STYLE = Automatic;
				INFOPLIST_FILE = TedTalksApp/Info.plist;
				LD_RUNPATH_SEARCH_PATHS = (
					"$(inherited)",
					"@executable_path/Frameworks",
				);
				PRODUCT_BUNDLE_IDENTIFIER = com.globant.TedTalksApp;
				PRODUCT_NAME = "$(TARGET_NAME)";
				SWIFT_VERSION = 5.0;
				TARGETED_DEVICE_FAMILY = "1,2";
			};
			name = Release;
		};
		C709082D273452FB008AD3A5 /* Debug */ = {
			isa = XCBuildConfiguration;
			buildSettings = {
				ALWAYS_EMBED_SWIFT_STANDARD_LIBRARIES = YES;
				BUNDLE_LOADER = "$(TEST_HOST)";
				CODE_SIGN_STYLE = Automatic;
				INFOPLIST_FILE = TedTalksAppTests/Info.plist;
				IPHONEOS_DEPLOYMENT_TARGET = 14.4;
				LD_RUNPATH_SEARCH_PATHS = (
					"$(inherited)",
					"@executable_path/Frameworks",
					"@loader_path/Frameworks",
				);
				PRODUCT_BUNDLE_IDENTIFIER = com.globant.TedTalksAppTests;
				PRODUCT_NAME = "$(TARGET_NAME)";
				SWIFT_VERSION = 5.0;
				TARGETED_DEVICE_FAMILY = "1,2";
				TEST_HOST = "$(BUILT_PRODUCTS_DIR)/TedTalksApp.app/TedTalksApp";
			};
			name = Debug;
		};
		C709082E273452FB008AD3A5 /* Release */ = {
			isa = XCBuildConfiguration;
			buildSettings = {
				ALWAYS_EMBED_SWIFT_STANDARD_LIBRARIES = YES;
				BUNDLE_LOADER = "$(TEST_HOST)";
				CODE_SIGN_STYLE = Automatic;
				INFOPLIST_FILE = TedTalksAppTests/Info.plist;
				IPHONEOS_DEPLOYMENT_TARGET = 14.4;
				LD_RUNPATH_SEARCH_PATHS = (
					"$(inherited)",
					"@executable_path/Frameworks",
					"@loader_path/Frameworks",
				);
				PRODUCT_BUNDLE_IDENTIFIER = com.globant.TedTalksAppTests;
				PRODUCT_NAME = "$(TARGET_NAME)";
				SWIFT_VERSION = 5.0;
				TARGETED_DEVICE_FAMILY = "1,2";
				TEST_HOST = "$(BUILT_PRODUCTS_DIR)/TedTalksApp.app/TedTalksApp";
			};
			name = Release;
		};
		C7090830273452FB008AD3A5 /* Debug */ = {
			isa = XCBuildConfiguration;
			buildSettings = {
				ALWAYS_EMBED_SWIFT_STANDARD_LIBRARIES = YES;
				CODE_SIGN_STYLE = Automatic;
				INFOPLIST_FILE = TedTalksAppUITests/Info.plist;
				LD_RUNPATH_SEARCH_PATHS = (
					"$(inherited)",
					"@executable_path/Frameworks",
					"@loader_path/Frameworks",
				);
				PRODUCT_BUNDLE_IDENTIFIER = com.globant.TedTalksAppUITests;
				PRODUCT_NAME = "$(TARGET_NAME)";
				SWIFT_VERSION = 5.0;
				TARGETED_DEVICE_FAMILY = "1,2";
				TEST_TARGET_NAME = TedTalksApp;
			};
			name = Debug;
		};
		C7090831273452FB008AD3A5 /* Release */ = {
			isa = XCBuildConfiguration;
			buildSettings = {
				ALWAYS_EMBED_SWIFT_STANDARD_LIBRARIES = YES;
				CODE_SIGN_STYLE = Automatic;
				INFOPLIST_FILE = TedTalksAppUITests/Info.plist;
				LD_RUNPATH_SEARCH_PATHS = (
					"$(inherited)",
					"@executable_path/Frameworks",
					"@loader_path/Frameworks",
				);
				PRODUCT_BUNDLE_IDENTIFIER = com.globant.TedTalksAppUITests;
				PRODUCT_NAME = "$(TARGET_NAME)";
				SWIFT_VERSION = 5.0;
				TARGETED_DEVICE_FAMILY = "1,2";
				TEST_TARGET_NAME = TedTalksApp;
			};
			name = Release;
		};
/* End XCBuildConfiguration section */

/* Begin XCConfigurationList section */
		C70907FA273452F9008AD3A5 /* Build configuration list for PBXProject "TedTalksApp" */ = {
			isa = XCConfigurationList;
			buildConfigurations = (
				C7090827273452FB008AD3A5 /* Debug */,
				C7090828273452FB008AD3A5 /* Release */,
			);
			defaultConfigurationIsVisible = 0;
			defaultConfigurationName = Release;
		};
		C7090829273452FB008AD3A5 /* Build configuration list for PBXNativeTarget "TedTalksApp" */ = {
			isa = XCConfigurationList;
			buildConfigurations = (
				C709082A273452FB008AD3A5 /* Debug */,
				C709082B273452FB008AD3A5 /* Release */,
			);
			defaultConfigurationIsVisible = 0;
			defaultConfigurationName = Release;
		};
		C709082C273452FB008AD3A5 /* Build configuration list for PBXNativeTarget "TedTalksAppTests" */ = {
			isa = XCConfigurationList;
			buildConfigurations = (
				C709082D273452FB008AD3A5 /* Debug */,
				C709082E273452FB008AD3A5 /* Release */,
			);
			defaultConfigurationIsVisible = 0;
			defaultConfigurationName = Release;
		};
		C709082F273452FB008AD3A5 /* Build configuration list for PBXNativeTarget "TedTalksAppUITests" */ = {
			isa = XCConfigurationList;
			buildConfigurations = (
				C7090830273452FB008AD3A5 /* Debug */,
				C7090831273452FB008AD3A5 /* Release */,
			);
			defaultConfigurationIsVisible = 0;
			defaultConfigurationName = Release;
		};
/* End XCConfigurationList section */

/* Begin XCRemoteSwiftPackageReference section */
		C70A464A2735AD2B002CC93F /* XCRemoteSwiftPackageReference "MultiSelectSegmentedControl" */ = {
			isa = XCRemoteSwiftPackageReference;
			repositoryURL = "https://github.com/yonat/MultiSelectSegmentedControl";
			requirement = {
				kind = upToNextMajorVersion;
				minimumVersion = 2.3.6;
			};
		};
/* End XCRemoteSwiftPackageReference section */

/* Begin XCSwiftPackageProductDependency section */
		C70A464B2735AD2B002CC93F /* MultiSelectSegmentedControl */ = {
			isa = XCSwiftPackageProductDependency;
			package = C70A464A2735AD2B002CC93F /* XCRemoteSwiftPackageReference "MultiSelectSegmentedControl" */;
			productName = MultiSelectSegmentedControl;
		};
/* End XCSwiftPackageProductDependency section */
	};
	rootObject = C70907F7273452F9008AD3A5 /* Project object */;
}
